
Microsoft Visual Studio Solution File, Format Version 12.00
# Visual Studio Version 17
VisualStudioVersion = 17.1.32319.34
MinimumVisualStudioVersion = 10.0.40219.1
Project("{FAE04EC0-301F-11D3-BF4B-00C04F79EFBC}") = "MSRegister-CoRe", "MSRegister-CoRe\MSRegister-CoRe.csproj", "{496CD383-6F54-4570-A32E-10B0D2E49B51}"
EndProject
Global
	GlobalSection(SolutionConfigurationPlatforms) = preSolution
		Debug|Any CPU = Debug|Any CPU
		Release|Any CPU = Release|Any CPU
	EndGlobalSection
	GlobalSection(ProjectConfigurationPlatforms) = postSolution
		{496CD383-6F54-4570-A32E-10B0D2E49B51}.Debug|Any CPU.ActiveCfg = Debug|Any CPU
		{496CD383-6F54-4570-A32E-10B0D2E49B51}.Debug|Any CPU.Build.0 = Debug|Any CPU
		{496CD383-6F54-4570-A32E-10B0D2E49B51}.Release|Any CPU.ActiveCfg = Release|Any CPU
		{496CD383-6F54-4570-A32E-10B0D2E49B51}.Release|Any CPU.Build.0 = Release|Any CPU
	EndGlobalSection
	GlobalSection(SolutionProperties) = preSolution
		HideSolutionNode = FALSE
	EndGlobalSection
	GlobalSection(ExtensibilityGlobals) = postSolution
		SolutionGuid = {AE2079D9-7CA4-4B01-85B6-F1A84FAEBAD0}
	EndGlobalSection
EndGlobal
